
Microsoft Visual Studio Solution File, Format Version 12.00
Project("{FAE04EC0-301F-11D3-BF4B-00C04F79EFBC}") = "TestApiKey", "TestApiKey\TestApiKey.csproj", "{BC0EFEA8-94E2-49A7-B646-5EB52683ECD7}"
EndProject
Global
	GlobalSection(SolutionConfigurationPlatforms) = preSolution
		Debug|Any CPU = Debug|Any CPU
		Release|Any CPU = Release|Any CPU
	EndGlobalSection
	GlobalSection(ProjectConfigurationPlatforms) = postSolution
		{BC0EFEA8-94E2-49A7-B646-5EB52683ECD7}.Debug|Any CPU.ActiveCfg = Debug|Any CPU
		{BC0EFEA8-94E2-49A7-B646-5EB52683ECD7}.Debug|Any CPU.Build.0 = Debug|Any CPU
		{BC0EFEA8-94E2-49A7-B646-5EB52683ECD7}.Release|Any CPU.ActiveCfg = Release|Any CPU
		{BC0EFEA8-94E2-49A7-B646-5EB52683ECD7}.Release|Any CPU.Build.0 = Release|Any CPU
	EndGlobalSection
EndGlobal
